
Microsoft Visual Studio Solution File, Format Version 12.00
# Visual Studio Version 17
VisualStudioVersion = 17.1.32210.238
MinimumVisualStudioVersion = 10.0.40219.1
Project("{FAE04EC0-301F-11D3-BF4B-00C04F79EFBC}") = "List_Dictionary_HomeWork", "List_Dictionary_HomeWork\List_Dictionary_HomeWork.csproj", "{1C109631-412A-4096-8E97-9D90B587AB98}"
EndProject
Global
	GlobalSection(SolutionConfigurationPlatforms) = preSolution
		Debug|Any CPU = Debug|Any CPU
		Release|Any CPU = Release|Any CPU
	EndGlobalSection
	GlobalSection(ProjectConfigurationPlatforms) = postSolution
		{1C109631-412A-4096-8E97-9D90B587AB98}.Debug|Any CPU.ActiveCfg = Debug|Any CPU
		{1C109631-412A-4096-8E97-9D90B587AB98}.Debug|Any CPU.Build.0 = Debug|Any CPU
		{1C109631-412A-4096-8E97-9D90B587AB98}.Release|Any CPU.ActiveCfg = Release|Any CPU
		{1C109631-412A-4096-8E97-9D90B587AB98}.Release|Any CPU.Build.0 = Release|Any CPU
	EndGlobalSection
	GlobalSection(SolutionProperties) = preSolution
		HideSolutionNode = FALSE
	EndGlobalSection
	GlobalSection(ExtensibilityGlobals) = postSolution
		SolutionGuid = {DAD7F8A6-95FE-459D-B44B-8537C87C3BDD}
	EndGlobalSection
EndGlobal
